// !$*UTF8*$!
{
	archiveVersion = 1;
	classes = {
	};
	objectVersion = 50;
	objects = {

/* Begin PBXBuildFile section */
		AE776C98240D5A8C004FF387 /* AppDelegate.swift in Sources */ = {isa = PBXBuildFile; fileRef = AE776C97240D5A8C004FF387 /* AppDelegate.swift */; };
		AE776C9A240D5A8C004FF387 /* SceneDelegate.swift in Sources */ = {isa = PBXBuildFile; fileRef = AE776C99240D5A8C004FF387 /* SceneDelegate.swift */; };
		AE776C9C240D5A8C004FF387 /* ViewController.swift in Sources */ = {isa = PBXBuildFile; fileRef = AE776C9B240D5A8C004FF387 /* ViewController.swift */; };
		AE776C9F240D5A8C004FF387 /* Main.storyboard in Resources */ = {isa = PBXBuildFile; fileRef = AE776C9D240D5A8C004FF387 /* Main.storyboard */; };
		AE776CA2240D5A8C004FF387 /* OOO.xcdatamodeld in Sources */ = {isa = PBXBuildFile; fileRef = AE776CA0240D5A8C004FF387 /* OOO.xcdatamodeld */; };
		AE776CA4240D5A8C004FF387 /* Assets.xcassets in Resources */ = {isa = PBXBuildFile; fileRef = AE776CA3240D5A8C004FF387 /* Assets.xcassets */; };
		AE776CA7240D5A8C004FF387 /* LaunchScreen.storyboard in Resources */ = {isa = PBXBuildFile; fileRef = AE776CA5240D5A8C004FF387 /* LaunchScreen.storyboard */; };
/* End PBXBuildFile section */

/* Begin PBXFileReference section */
		AE776C94240D5A8C004FF387 /* OOO.app */ = {isa = PBXFileReference; explicitFileType = wrapper.application; includeInIndex = 0; path = OOO.app; sourceTree = BUILT_PRODUCTS_DIR; };
		AE776C97240D5A8C004FF387 /* AppDelegate.swift */ = {isa = PBXFileReference; lastKnownFileType = sourcecode.swift; path = AppDelegate.swift; sourceTree = "<group>"; };
		AE776C99240D5A8C004FF387 /* SceneDelegate.swift */ = {isa = PBXFileReference; lastKnownFileType = sourcecode.swift; path = SceneDelegate.swift; sourceTree = "<group>"; };
		AE776C9B240D5A8C004FF387 /* ViewController.swift */ = {isa = PBXFileReference; lastKnownFileType = sourcecode.swift; path = ViewController.swift; sourceTree = "<group>"; };
		AE776C9E240D5A8C004FF387 /* Base */ = {isa = PBXFileReference; lastKnownFileType = file.storyboard; name = Base; path = Base.lproj/Main.storyboard; sourceTree = "<group>"; };
		AE776CA1240D5A8C004FF387 /* OOO.xcdatamodel */ = {isa = PBXFileReference; lastKnownFileType = wrapper.xcdatamodel; path = OOO.xcdatamodel; sourceTree = "<group>"; };
		AE776CA3240D5A8C004FF387 /* Assets.xcassets */ = {isa = PBXFileReference; lastKnownFileType = folder.assetcatalog; path = Assets.xcassets; sourceTree = "<group>"; };
		AE776CA6240D5A8C004FF387 /* Base */ = {isa = PBXFileReference; lastKnownFileType = file.storyboard; name = Base; path = Base.lproj/LaunchScreen.storyboard; sourceTree = "<group>"; };
		AE776CA8240D5A8C004FF387 /* Info.plist */ = {isa = PBXFileReference; lastKnownFileType = text.plist.xml; path = Info.plist; sourceTree = "<group>"; };
/* End PBXFileReference section */

/* Begin PBXFrameworksBuildPhase section */
		AE776C91240D5A8C004FF387 /* Frameworks */ = {
			isa = PBXFrameworksBuildPhase;
			buildActionMask = 2147483647;
			files = (
			);
			runOnlyForDeploymentPostprocessing = 0;
		};
/* End PBXFrameworksBuildPhase section */

/* Begin PBXGroup section */
		AE776C8B240D5A8C004FF387 = {
			isa = PBXGroup;
			children = (
				AE776C96240D5A8C004FF387 /* OOO */,
				AE776C95240D5A8C004FF387 /* Products */,
			);
			sourceTree = "<group>";
		};
		AE776C95240D5A8C004FF387 /* Products */ = {
			isa = PBXGroup;
			children = (
				AE776C94240D5A8C004FF387 /* OOO.app */,
			);
			name = Products;
			sourceTree = "<group>";
		};
		AE776C96240D5A8C004FF387 /* OOO */ = {
			isa = PBXGroup;
			children = (
				AE776C97240D5A8C004FF387 /* AppDelegate.swift */,
				AE776C99240D5A8C004FF387 /* SceneDelegate.swift */,
				AE776C9B240D5A8C004FF387 /* ViewController.swift */,
				AE776C9D240D5A8C004FF387 /* Main.storyboard */,
				AE776CA3240D5A8C004FF387 /* Assets.xcassets */,
				AE776CA5240D5A8C004FF387 /* LaunchScreen.storyboard */,
				AE776CA8240D5A8C004FF387 /* Info.plist */,
				AE776CA0240D5A8C004FF387 /* OOO.xcdatamodeld */,
			);
			path = OOO;
			sourceTree = "<group>";
		};
/* End PBXGroup section */

/* Begin PBXNativeTarget section */
		AE776C93240D5A8C004FF387 /* OOO */ = {
			isa = PBXNativeTarget;
			buildConfigurationList = AE776CAB240D5A8C004FF387 /* Build configuration list for PBXNativeTarget "OOO" */;
			buildPhases = (
				AE776C90240D5A8C004FF387 /* Sources */,
				AE776C91240D5A8C004FF387 /* Frameworks */,
				AE776C92240D5A8C004FF387 /* Resources */,
			);
			buildRules = (
			);
			dependencies = (
			);
			name = OOO;
			productName = OOO;
			productReference = AE776C94240D5A8C004FF387 /* OOO.app */;
			productType = "com.apple.product-type.application";
		};
/* End PBXNativeTarget section */

/* Begin PBXProject section */
		AE776C8C240D5A8C004FF387 /* Project object */ = {
			isa = PBXProject;
			attributes = {
				LastSwiftUpdateCheck = 1130;
				LastUpgradeCheck = 1130;
				ORGANIZATIONNAME = "Andrea Maria Lupi";
				TargetAttributes = {
					AE776C93240D5A8C004FF387 = {
						CreatedOnToolsVersion = 11.3.1;
					};
				};
			};
			buildConfigurationList = AE776C8F240D5A8C004FF387 /* Build configuration list for PBXProject "OOO" */;
			compatibilityVersion = "Xcode 9.3";
			developmentRegion = en;
			hasScannedForEncodings = 0;
			knownRegions = (
				en,
				Base,
			);
			mainGroup = AE776C8B240D5A8C004FF387;
			productRefGroup = AE776C95240D5A8C004FF387 /* Products */;
			projectDirPath = "";
			projectRoot = "";
			targets = (
				AE776C93240D5A8C004FF387 /* OOO */,
			);
		};
/* End PBXProject section */

/* Begin PBXResourcesBuildPhase section */
		AE776C92240D5A8C004FF387 /* Resources */ = {
			isa = PBXResourcesBuildPhase;
			buildActionMask = 2147483647;
			files = (
				AE776CA7240D5A8C004FF387 /* LaunchScreen.storyboard in Resources */,
				AE776CA4240D5A8C004FF387 /* Assets.xcassets in Resources */,
				AE776C9F240D5A8C004FF387 /* Main.storyboard in Resources */,
			);
			runOnlyForDeploymentPostprocessing = 0;
		};
/* End PBXResourcesBuildPhase section */

/* Begin PBXSourcesBuildPhase section */
		AE776C90240D5A8C004FF387 /* Sources */ = {
			isa = PBXSourcesBuildPhase;
			buildActionMask = 2147483647;
			files = (
				AE776C9C240D5A8C004FF387 /* ViewController.swift in Sources */,
				AE776CA2240D5A8C004FF387 /* OOO.xcdatamodeld in Sources */,
				AE776C98240D5A8C004FF387 /* AppDelegate.swift in Sources */,
				AE776C9A240D5A8C004FF387 /* SceneDelegate.swift in Sources */,
			);
			runOnlyForDeploymentPostprocessing = 0;
		};
/* End PBXSourcesBuildPhase section */

/* Begin PBXVariantGroup section */
		AE776C9D240D5A8C004FF387 /* Main.storyboard */ = {
			isa = PBXVariantGroup;
			children = (
				AE776C9E240D5A8C004FF387 /* Base */,
			);
			name = Main.storyboard;
			sourceTree = "<group>";
		};
		AE776CA5240D5A8C004FF387 /* LaunchScreen.storyboard */ = {
			isa = PBXVariantGroup;
			children = (
				AE776CA6240D5A8C004FF387 /* Base */,
			);
			name = LaunchScreen.storyboard;
			sourceTree = "<group>";
		};
/* End PBXVariantGroup section */

/* Begin XCBuildConfiguration section */
		AE776CA9240D5A8C004FF387 /* Debug */ = {
			isa = XCBuildConfiguration;
			buildSettings = {
				ALWAYS_SEARCH_USER_PATHS = NO;
				CLANG_ANALYZER_NONNULL = YES;
				CLANG_ANALYZER_NUMBER_OBJECT_CONVERSION = YES_AGGRESSIVE;
				CLANG_CXX_LANGUAGE_STANDARD = "gnu++14";
				CLANG_CXX_LIBRARY = "libc++";
				CLANG_ENABLE_MODULES = YES;
				CLANG_ENABLE_OBJC_ARC = YES;
				CLANG_ENABLE_OBJC_WEAK = YES;
				CLANG_WARN_BLOCK_CAPTURE_AUTORELEASING = YES;
				CLANG_WARN_BOOL_CONVERSION = YES;
				CLANG_WARN_COMMA = YES;
				CLANG_WARN_CONSTANT_CONVERSION = YES;
				CLANG_WARN_DEPRECATED_OBJC_IMPLEMENTATIONS = YES;
				CLANG_WARN_DIRECT_OBJC_ISA_USAGE = YES_ERROR;
				CLANG_WARN_DOCUMENTATION_COMMENTS = YES;
				CLANG_WARN_EMPTY_BODY = YES;
				CLANG_WARN_ENUM_CONVERSION = YES;
				CLANG_WARN_INFINITE_RECURSION = YES;
				CLANG_WARN_INT_CONVERSION = YES;
				CLANG_WARN_NON_LITERAL_NULL_CONVERSION = YES;
				CLANG_WARN_OBJC_IMPLICIT_RETAIN_SELF = YES;
				CLANG_WARN_OBJC_LITERAL_CONVERSION = YES;
				CLANG_WARN_OBJC_ROOT_CLASS = YES_ERROR;
				CLANG_WARN_RANGE_LOOP_ANALYSIS = YES;
				CLANG_WARN_STRICT_PROTOTYPES = YES;
				CLANG_WARN_SUSPICIOUS_MOVE = YES;
				CLANG_WARN_UNGUARDED_AVAILABILITY = YES_AGGRESSIVE;
				CLANG_WARN_UNREACHABLE_CODE = YES;
				CLANG_WARN__DUPLICATE_METHOD_MATCH = YES;
				COPY_PHASE_STRIP = NO;
				DEBUG_INFORMATION_FORMAT = dwarf;
				ENABLE_STRICT_OBJC_MSGSEND = YES;
				ENABLE_TESTABILITY = YES;
				GCC_C_LANGUAGE_STANDARD = gnu11;
				GCC_DYNAMIC_NO_PIC = NO;
				GCC_NO_COMMON_BLOCKS = YES;
				GCC_OPTIMIZATION_LEVEL = 0;
				GCC_PREPROCESSOR_DEFINITIONS = (
					"DEBUG=1",
					"$(inherited)",
				);
				GCC_WARN_64_TO_32_BIT_CONVERSION = YES;
				GCC_WARN_ABOUT_RETURN_TYPE = YES_ERROR;
				GCC_WARN_UNDECLARED_SELECTOR = YES;
				GCC_WARN_UNINITIALIZED_AUTOS = YES_AGGRESSIVE;
				GCC_WARN_UNUSED_FUNCTION = YES;
				GCC_WARN_UNUSED_VARIABLE = YES;
				IPHONEOS_DEPLOYMENT_TARGET = 13.2;
				MTL_ENABLE_DEBUG_INFO = INCLUDE_SOURCE;
				MTL_FAST_MATH = YES;
				ONLY_ACTIVE_ARCH = YES;
				SDKROOT = iphoneos;
				SWIFT_ACTIVE_COMPILATION_CONDITIONS = DEBUG;
				SWIFT_OPTIMIZATION_LEVEL = "-Onone";
			};
			name = Debug;
		};
		AE776CAA240D5A8C004FF387 /* Release */ = {
			isa = XCBuildConfiguration;
			buildSettings = {
				ALWAYS_SEARCH_USER_PATHS = NO;
				CLANG_ANALYZER_NONNULL = YES;
				CLANG_ANALYZER_NUMBER_OBJECT_CONVERSION = YES_AGGRESSIVE;
				CLANG_CXX_LANGUAGE_STANDARD = "gnu++14";
				CLANG_CXX_LIBRARY = "libc++";
				CLANG_ENABLE_MODULES = YES;
				CLANG_ENABLE_OBJC_ARC = YES;
				CLANG_ENABLE_OBJC_WEAK = YES;
				CLANG_WARN_BLOCK_CAPTURE_AUTORELEASING = YES;
				CLANG_WARN_BOOL_CONVERSION = YES;
				CLANG_WARN_COMMA = YES;
				CLANG_WARN_CONSTANT_CONVERSION = YES;
				CLANG_WARN_DEPRECATED_OBJC_IMPLEMENTATIONS = YES;
				CLANG_WARN_DIRECT_OBJC_ISA_USAGE = YES_ERROR;
				CLANG_WARN_DOCUMENTATION_COMMENTS = YES;
				CLANG_WARN_EMPTY_BODY = YES;
				CLANG_WARN_ENUM_CONVERSION = YES;
				CLANG_WARN_INFINITE_RECURSION = YES;
				CLANG_WARN_INT_CONVERSION = YES;
				CLANG_WARN_NON_LITERAL_NULL_CONVERSION = YES;
				CLANG_WARN_OBJC_IMPLICIT_RETAIN_SELF = YES;
				CLANG_WARN_OBJC_LITERAL_CONVERSION = YES;
				CLANG_WARN_OBJC_ROOT_CLASS = YES_ERROR;
				CLANG_WARN_RANGE_LOOP_ANALYSIS = YES;
				CLANG_WARN_STRICT_PROTOTYPES = YES;
				CLANG_WARN_SUSPICIOUS_MOVE = YES;
				CLANG_WARN_UNGUARDED_AVAILABILITY = YES_AGGRESSIVE;
				CLANG_WARN_UNREACHABLE_CODE = YES;
				CLANG_WARN__DUPLICATE_METHOD_MATCH = YES;
				COPY_PHASE_STRIP = NO;
				DEBUG_INFORMATION_FORMAT = "dwarf-with-dsym";
				ENABLE_NS_ASSERTIONS = NO;
				ENABLE_STRICT_OBJC_MSGSEND = YES;
				GCC_C_LANGUAGE_STANDARD = gnu11;
				GCC_NO_COMMON_BLOCKS = YES;
				GCC_WARN_64_TO_32_BIT_CONVERSION = YES;
				GCC_WARN_ABOUT_RETURN_TYPE = YES_ERROR;
				GCC_WARN_UNDECLARED_SELECTOR = YES;
				GCC_WARN_UNINITIALIZED_AUTOS = YES_AGGRESSIVE;
				GCC_WARN_UNUSED_FUNCTION = YES;
				GCC_WARN_UNUSED_VARIABLE = YES;
				IPHONEOS_DEPLOYMENT_TARGET = 13.2;
				MTL_ENABLE_DEBUG_INFO = NO;
				MTL_FAST_MATH = YES;
				SDKROOT = iphoneos;
				SWIFT_COMPILATION_MODE = wholemodule;
				SWIFT_OPTIMIZATION_LEVEL = "-O";
				VALIDATE_PRODUCT = YES;
			};
			name = Release;
		};
		AE776CAC240D5A8C004FF387 /* Debug */ = {
			isa = XCBuildConfiguration;
			buildSettings = {
				ASSETCATALOG_COMPILER_APPICON_NAME = AppIcon;
				CODE_SIGN_STYLE = Automatic;
				INFOPLIST_FILE = OOO/Info.plist;
				LD_RUNPATH_SEARCH_PATHS = (
					"$(inherited)",
					"@executable_path/Frameworks",
				);
				PRODUCT_BUNDLE_IDENTIFIER = AndreaMariaLupi.OOO;
				PRODUCT_NAME = "$(TARGET_NAME)";
				SWIFT_VERSION = 5.0;
				TARGETED_DEVICE_FAMILY = "1,2";
			};
			name = Debug;
		};
		AE776CAD240D5A8C004FF387 /* Release */ = {
			isa = XCBuildConfiguration;
			buildSettings = {
				ASSETCATALOG_COMPILER_APPICON_NAME = AppIcon;
				CODE_SIGN_STYLE = Automatic;
				INFOPLIST_FILE = OOO/Info.plist;
				LD_RUNPATH_SEARCH_PATHS = (
					"$(inherited)",
					"@executable_path/Frameworks",
				);
				PRODUCT_BUNDLE_IDENTIFIER = AndreaMariaLupi.OOO;
				PRODUCT_NAME = "$(TARGET_NAME)";
				SWIFT_VERSION = 5.0;
				TARGETED_DEVICE_FAMILY = "1,2";
			};
			name = Release;
		};
/* End XCBuildConfiguration section */

/* Begin XCConfigurationList section */
		AE776C8F240D5A8C004FF387 /* Build configuration list for PBXProject "OOO" */ = {
			isa = XCConfigurationList;
			buildConfigurations = (
				AE776CA9240D5A8C004FF387 /* Debug */,
				AE776CAA240D5A8C004FF387 /* Release */,
			);
			defaultConfigurationIsVisible = 0;
			defaultConfigurationName = Release;
		};
		AE776CAB240D5A8C004FF387 /* Build configuration list for PBXNativeTarget "OOO" */ = {
			isa = XCConfigurationList;
			buildConfigurations = (
				AE776CAC240D5A8C004FF387 /* Debug */,
				AE776CAD240D5A8C004FF387 /* Release */,
			);
			defaultConfigurationIsVisible = 0;
			defaultConfigurationName = Release;
		};
/* End XCConfigurationList section */

/* Begin XCVersionGroup section */
		AE776CA0240D5A8C004FF387 /* OOO.xcdatamodeld */ = {
			isa = XCVersionGroup;
			children = (
				AE776CA1240D5A8C004FF387 /* OOO.xcdatamodel */,
			);
			currentVersion = AE776CA1240D5A8C004FF387 /* OOO.xcdatamodel */;
			path = OOO.xcdatamodeld;
			sourceTree = "<group>";
			versionGroupType = wrapper.xcdatamodel;
		};
/* End XCVersionGroup section */
	};
	rootObject = AE776C8C240D5A8C004FF387 /* Project object */;
}
